---
- name: Trigger migration CR with generateName
  kubernetes.core.k8s:
    state: present
    definition:
      apiVersion: forklift.konveyor.io/v1beta1
      kind: Migration
      metadata:
        generateName: "{{ plan_name }}-"
        namespace: "{{ mtv_namespace }}"
      spec:
        plan:
          name: "{{ plan_name }}"
          namespace: "{{ mtv_namespace }}"
  register: trigger_result

- name: Wait for Migration CR to appear
  kubernetes.core.k8s_info:
    api_version: forklift.konveyor.io/v1beta1
    kind: Migration
    namespace: "{{ mtv_namespace }}"
  register: migration_object
  retries: 10
  delay: 5
  until: >
    migration_object.resources | selectattr('spec.plan.name', 'equalto', plan_name) | list | length > 0

- name: Capture most recent migration CR name
  set_fact:
    real_migration_name: >-
      {{
        migration_object.resources
        | selectattr('spec.plan.name', 'equalto', plan_name)
        | sort(attribute='metadata.creationTimestamp', reverse=true)
        | map(attribute='metadata.name')
        | first
      }}

- name: Wait a few seconds for status propagation
  pause:
    seconds: 10

- name: Show final migration CR name
  debug:
    msg: "Migration triggered for Plan '{{ plan_name }}' → Migration Name: {{ real_migration_name }}"
